
Microsoft Visual Studio Solution File, Format Version 12.00
# Visual Studio 15
VisualStudioVersion = 15.0.28307.757
MinimumVisualStudioVersion = 10.0.40219.1
Project("{FAE04EC0-301F-11D3-BF4B-00C04F79EFBC}") = "MSA.Lighthouse", "MSA.Lighthouse\MSA.Lighthouse.csproj", "{381BD166-2BAF-46D8-8360-E38C68022793}"
EndProject
Project("{FAE04EC0-301F-11D3-BF4B-00C04F79EFBC}") = "MSA.Router", "MSA.Router\MSA.Router.csproj", "{35D78B1B-1EDA-4AB0-89D9-516837523F32}"
EndProject
Project("{FAE04EC0-301F-11D3-BF4B-00C04F79EFBC}") = "MSA.Actors", "MSA.Actors\MSA.Actors.csproj", "{AC0AF1CD-DAB8-4B01-B6FF-20C5DEDAA73D}"
EndProject
Project("{FAE04EC0-301F-11D3-BF4B-00C04F79EFBC}") = "MSA.Api", "MSA.Api\MSA.Api.csproj", "{2E1D82CD-3744-44D6-B25C-63EC27DC28F6}"
EndProject
Project("{FAE04EC0-301F-11D3-BF4B-00C04F79EFBC}") = "MSA.Bll", "MSA.Bll\MSA.Bll.csproj", "{D8B5AAF2-C3A7-41CA-8554-7D04FECA8FBB}"
EndProject
Project("{FAE04EC0-301F-11D3-BF4B-00C04F79EFBC}") = "MSA.Core", "MSA.Core\MSA.Core.csproj", "{B03F5B4B-F373-4F79-9172-633C763EB327}"
EndProject
Project("{FAE04EC0-301F-11D3-BF4B-00C04F79EFBC}") = "MSA.Dal", "MSA.Dal\MSA.Dal.csproj", "{673B2198-15EC-4ED4-AD5B-B9A13576D0E4}"
EndProject
Project("{FAE04EC0-301F-11D3-BF4B-00C04F79EFBC}") = "MSA.Entities", "MSA.Entities\MSA.Entities.csproj", "{8818F80B-C7D7-47A4-A82F-293DAC6D628F}"
EndProject
Project("{FAE04EC0-301F-11D3-BF4B-00C04F79EFBC}") = "MSA.Test", "MSA.Test\MSA.Test.csproj", "{66181FC5-CCB2-46FE-A8AE-9C81406931A4}"
EndProject
Project("{FAE04EC0-301F-11D3-BF4B-00C04F79EFBC}") = "MSA.Worker", "MSA.Worker\MSA.Worker.csproj", "{D7720E6A-C271-44A5-8426-1432FCF62373}"
EndProject
Global
	GlobalSection(SolutionConfigurationPlatforms) = preSolution
		Debug|Any CPU = Debug|Any CPU
		Release|Any CPU = Release|Any CPU
	EndGlobalSection
	GlobalSection(ProjectConfigurationPlatforms) = postSolution
		{381BD166-2BAF-46D8-8360-E38C68022793}.Debug|Any CPU.ActiveCfg = Debug|Any CPU
		{381BD166-2BAF-46D8-8360-E38C68022793}.Debug|Any CPU.Build.0 = Debug|Any CPU
		{381BD166-2BAF-46D8-8360-E38C68022793}.Release|Any CPU.ActiveCfg = Release|Any CPU
		{381BD166-2BAF-46D8-8360-E38C68022793}.Release|Any CPU.Build.0 = Release|Any CPU
		{35D78B1B-1EDA-4AB0-89D9-516837523F32}.Debug|Any CPU.ActiveCfg = Debug|Any CPU
		{35D78B1B-1EDA-4AB0-89D9-516837523F32}.Debug|Any CPU.Build.0 = Debug|Any CPU
		{35D78B1B-1EDA-4AB0-89D9-516837523F32}.Release|Any CPU.ActiveCfg = Release|Any CPU
		{35D78B1B-1EDA-4AB0-89D9-516837523F32}.Release|Any CPU.Build.0 = Release|Any CPU
		{AC0AF1CD-DAB8-4B01-B6FF-20C5DEDAA73D}.Debug|Any CPU.ActiveCfg = Debug|Any CPU
		{AC0AF1CD-DAB8-4B01-B6FF-20C5DEDAA73D}.Debug|Any CPU.Build.0 = Debug|Any CPU
		{AC0AF1CD-DAB8-4B01-B6FF-20C5DEDAA73D}.Release|Any CPU.ActiveCfg = Release|Any CPU
		{AC0AF1CD-DAB8-4B01-B6FF-20C5DEDAA73D}.Release|Any CPU.Build.0 = Release|Any CPU
		{2E1D82CD-3744-44D6-B25C-63EC27DC28F6}.Debug|Any CPU.ActiveCfg = Debug|Any CPU
		{2E1D82CD-3744-44D6-B25C-63EC27DC28F6}.Debug|Any CPU.Build.0 = Debug|Any CPU
		{2E1D82CD-3744-44D6-B25C-63EC27DC28F6}.Release|Any CPU.ActiveCfg = Release|Any CPU
		{2E1D82CD-3744-44D6-B25C-63EC27DC28F6}.Release|Any CPU.Build.0 = Release|Any CPU
		{D8B5AAF2-C3A7-41CA-8554-7D04FECA8FBB}.Debug|Any CPU.ActiveCfg = Debug|Any CPU
		{D8B5AAF2-C3A7-41CA-8554-7D04FECA8FBB}.Debug|Any CPU.Build.0 = Debug|Any CPU
		{D8B5AAF2-C3A7-41CA-8554-7D04FECA8FBB}.Release|Any CPU.ActiveCfg = Release|Any CPU
		{D8B5AAF2-C3A7-41CA-8554-7D04FECA8FBB}.Release|Any CPU.Build.0 = Release|Any CPU
		{B03F5B4B-F373-4F79-9172-633C763EB327}.Debug|Any CPU.ActiveCfg = Debug|Any CPU
		{B03F5B4B-F373-4F79-9172-633C763EB327}.Debug|Any CPU.Build.0 = Debug|Any CPU
		{B03F5B4B-F373-4F79-9172-633C763EB327}.Release|Any CPU.ActiveCfg = Release|Any CPU
		{B03F5B4B-F373-4F79-9172-633C763EB327}.Release|Any CPU.Build.0 = Release|Any CPU
		{673B2198-15EC-4ED4-AD5B-B9A13576D0E4}.Debug|Any CPU.ActiveCfg = Debug|Any CPU
		{673B2198-15EC-4ED4-AD5B-B9A13576D0E4}.Debug|Any CPU.Build.0 = Debug|Any CPU
		{673B2198-15EC-4ED4-AD5B-B9A13576D0E4}.Release|Any CPU.ActiveCfg = Release|Any CPU
		{673B2198-15EC-4ED4-AD5B-B9A13576D0E4}.Release|Any CPU.Build.0 = Release|Any CPU
		{8818F80B-C7D7-47A4-A82F-293DAC6D628F}.Debug|Any CPU.ActiveCfg = Debug|Any CPU
		{8818F80B-C7D7-47A4-A82F-293DAC6D628F}.Debug|Any CPU.Build.0 = Debug|Any CPU
		{8818F80B-C7D7-47A4-A82F-293DAC6D628F}.Release|Any CPU.ActiveCfg = Release|Any CPU
		{8818F80B-C7D7-47A4-A82F-293DAC6D628F}.Release|Any CPU.Build.0 = Release|Any CPU
		{66181FC5-CCB2-46FE-A8AE-9C81406931A4}.Debug|Any CPU.ActiveCfg = Debug|Any CPU
		{66181FC5-CCB2-46FE-A8AE-9C81406931A4}.Debug|Any CPU.Build.0 = Debug|Any CPU
		{66181FC5-CCB2-46FE-A8AE-9C81406931A4}.Release|Any CPU.ActiveCfg = Release|Any CPU
		{66181FC5-CCB2-46FE-A8AE-9C81406931A4}.Release|Any CPU.Build.0 = Release|Any CPU
		{D7720E6A-C271-44A5-8426-1432FCF62373}.Debug|Any CPU.ActiveCfg = Debug|Any CPU
		{D7720E6A-C271-44A5-8426-1432FCF62373}.Debug|Any CPU.Build.0 = Debug|Any CPU
		{D7720E6A-C271-44A5-8426-1432FCF62373}.Release|Any CPU.ActiveCfg = Release|Any CPU
		{D7720E6A-C271-44A5-8426-1432FCF62373}.Release|Any CPU.Build.0 = Release|Any CPU
	EndGlobalSection
	GlobalSection(SolutionProperties) = preSolution
		HideSolutionNode = FALSE
	EndGlobalSection
	GlobalSection(ExtensibilityGlobals) = postSolution
		SolutionGuid = {1FEFEC53-9A5B-41A4-82DA-D677FE5CD1EC}
	EndGlobalSection
EndGlobal
